<?xml version="1.0" encoding="utf-8"?>
<Project ToolsVersion="4.0" xmlns="http://schemas.microsoft.com/developer/msbuild/2003">
  <ItemGroup>
    <Filter Include="Source Files">
      <UniqueIdentifier>{4FC737F1-C7A5-4376-A066-2A32D752A2FF}</UniqueIdentifier>
      <Extensions>cpp;c;cc;cxx;c++;cppm;ixx;def;odl;idl;hpj;bat;asm;asmx</Extensions>
    </Filter>
    <Filter Include="Header Files">
      <UniqueIdentifier>{93995380-89BD-4b04-88EB-625FBE52EBFB}</UniqueIdentifier>
      <Extensions>h;hh;hpp;hxx;h++;hm;inl;inc;ipp;xsd</Extensions>
    </Filter>
    <Filter Include="Resource Files">
      <UniqueIdentifier>{67DA6AB6-F800-4c08-8B7A-83BB121AAD01}</UniqueIdentifier>
      <Extensions>rc;ico;cur;bmp;dlg;rc2;rct;bin;rgs;gif;jpg;jpeg;jpe;resx;tiff;tif;png;wav;mfcribbon-ms</Extensions>
    </Filter>
    <Filter Include="Header Files\Window">
      <UniqueIdentifier>{b52e60c0-111f-4ec3-8b87-1df3f306a966}</UniqueIdentifier>
    </Filter>
    <Filter Include="Header Files\Exception">
      <UniqueIdentifier>{f4fcd30f-7e39-4bde-9d33-166f11817b1e}</UniqueIdentifier>
    </Filter>
    <Filter Include="Source Files\Exception">
      <UniqueIdentifier>{f6aa4747-fda2-4b37-b340-6b6857e0eb25}</UniqueIdentifier>
    </Filter>
    <Filter Include="Source Files\Window">
      <UniqueIdentifier>{5c39c196-e88a-4c67-8473-c1c2c5042d1b}</UniqueIdentifier>
    </Filter>
    <Filter Include="Header Files\Game">
      <UniqueIdentifier>{1a430c9f-29f7-4f9e-a8af-f047b166c9f5}</UniqueIdentifier>
    </Filter>
    <Filter Include="Source Files\Game">
      <UniqueIdentifier>{9c1f57ff-fc41-4223-ac0e-d407d4d7e695}</UniqueIdentifier>
    </Filter>
    <Filter Include="Header Files\Gameplay">
      <UniqueIdentifier>{6785270f-b967-4af6-8e3d-7438bc638896}</UniqueIdentifier>
    </Filter>
    <Filter Include="Header Files\Rendering">
      <UniqueIdentifier>{94c3d62e-395f-4ea3-ab7e-5695196f2c3e}</UniqueIdentifier>
    </Filter>
    <Filter Include="Source Files\Rendering">
      <UniqueIdentifier>{bc3a70b8-49b7-4ca2-a787-42ed2ef12d78}</UniqueIdentifier>
    </Filter>
    <Filter Include="Source Files\Gameplay">
      <UniqueIdentifier>{9e32192e-7589-4aef-9ac4-e9bbc0e290c5}</UniqueIdentifier>
    </Filter>
    <Filter Include="Header Files\Rendering\DirectX11">
      <UniqueIdentifier>{eb4f5fb3-4fff-4102-a045-bea9ed14a59c}</UniqueIdentifier>
    </Filter>
    <Filter Include="Source Files\Rendering\DirectX11">
      <UniqueIdentifier>{e4b85cdb-7961-4f0a-a16c-a26b0f047330}</UniqueIdentifier>
    </Filter>
  </ItemGroup>
  <ItemGroup>
    <ClInclude Include="Include\DefaultGameplayUpdater.h">
      <Filter>Header Files\Gameplay</Filter>
    </ClInclude>
    <ClInclude Include="Include\ErrorHandler.h">
      <Filter>Header Files</Filter>
    </ClInclude>
    <ClInclude Include="Include\Game.h">
      <Filter>Header Files\Game</Filter>
    </ClInclude>
    <ClInclude Include="Include\GameplayUpdater.h">
      <Filter>Header Files\Gameplay</Filter>
    </ClInclude>
    <ClInclude Include="Include\Module.h">
      <Filter>Header Files</Filter>
    </ClInclude>
    <ClInclude Include="Include\Rendering\DirectX11\Renderer.h">
      <Filter>Header Files\Rendering\DirectX11</Filter>
    </ClInclude>
    <ClInclude Include="Include\Rendering\DirectX11\DepthStencilView.h">
      <Filter>Header Files\Rendering\DirectX11</Filter>
    </ClInclude>
    <ClInclude Include="Include\Rendering\DirectX11\RenderTargetView.h">
      <Filter>Header Files\Rendering\DirectX11</Filter>
    </ClInclude>
    <ClInclude Include="Include\Rendering\BaseRenderer.h">
      <Filter>Header Files\Rendering</Filter>
    </ClInclude>
    <ClInclude Include="Include\Rendering\DefaultRenderer.h">
      <Filter>Header Files\Rendering</Filter>
    </ClInclude>
    <ClInclude Include="Include\Window\Window.h">
      <Filter>Header Files\Window</Filter>
    </ClInclude>
    <ClInclude Include="Include\Window\WindowCreator.h">
      <Filter>Header Files\Window</Filter>
    </ClInclude>
    <ClInclude Include="Include\Window\WindowUpdater.h">
      <Filter>Header Files\Window</Filter>
    </ClInclude>
    <ClInclude Include="Include\Exceptions\Exception.h">
      <Filter>Header Files\Exception</Filter>
    </ClInclude>
    <ClInclude Include="Include\Rendering\DirectX11\Device.h">
      <Filter>Header Files</Filter>
    </ClInclude>
    <ClInclude Include="Include\Rendering\DirectX11\SwapChain.h">
      <Filter>Header Files</Filter>
    </ClInclude>
    <ClInclude Include="Include\Rendering\ShaderRepository.h">
      <Filter>Header Files</Filter>
    </ClInclude>
    <ClInclude Include="Include\Services\Service.h">
      <Filter>Header Files</Filter>
    </ClInclude>
    <ClInclude Include="Include\Services\ServiceRepository.h">
      <Filter>Header Files</Filter>
    </ClInclude>
    <ClInclude Include="Include\Services\ServiceID.h">
      <Filter>Header Files</Filter>
    </ClInclude>
    <ClInclude Include="Include\Services\TestService.h">
      <Filter>Header Files</Filter>
    </ClInclude>
    <ClInclude Include="Include\Window\WindowProcedure.h">
      <Filter>Header Files</Filter>
    </ClInclude>
    <ClInclude Include="Include\Services\EventDispatcher.h">
      <Filter>Header Files</Filter>
    </ClInclude>
    <ClInclude Include="Include\EventSystem\EventHandler.h">
      <Filter>Header Files</Filter>
    </ClInclude>
    <ClInclude Include="Include\EventSystem\BaseEventHandler.h">
      <Filter>Header Files</Filter>
    </ClInclude>
    <ClInclude Include="Include\EventSystem\Events\Event.h">
      <Filter>Header Files</Filter>
    </ClInclude>
    <ClInclude Include="Include\EventSystem\Events\WindowEvent.h">
      <Filter>Header Files</Filter>
    </ClInclude>
    <ClInclude Include="Include\EventSystem\EventRegistry.h">
      <Filter>Header Files</Filter>
    </ClInclude>
    <ClInclude Include="Include\EventSystem\Events\TestEvent.h">
      <Filter>Header Files</Filter>
    </ClInclude>
  </ItemGroup>
  <ItemGroup>
    <ClCompile Include="Source\DefaultGameplayUpdater.cpp">
      <Filter>Source Files\Gameplay</Filter>
    </ClCompile>
    <ClCompile Include="Source\ErrorHandler.cpp">
      <Filter>Source Files</Filter>
    </ClCompile>
    <ClCompile Include="Source\Game.cpp">
      <Filter>Source Files\Game</Filter>
    </ClCompile>
    <ClCompile Include="Source\Rendering\DirectX11\Renderer.cpp">
      <Filter>Source Files\Rendering\DirectX11</Filter>
    </ClCompile>
    <ClCompile Include="Source\Rendering\DirectX11\DepthStencilView.cpp">
      <Filter>Source Files\Rendering\DirectX11</Filter>
    </ClCompile>
    <ClCompile Include="Source\Rendering\DirectX11\RenderTargetView.cpp">
      <Filter>Source Files\Rendering\DirectX11</Filter>
    </ClCompile>
    <ClCompile Include="Source\Window\Window.cpp">
      <Filter>Source Files\Window</Filter>
    </ClCompile>
    <ClCompile Include="Source\Window\WindowCreator.cpp">
      <Filter>Source Files\Window</Filter>
    </ClCompile>
    <ClCompile Include="Source\Window\WindowUpdater.cpp">
      <Filter>Source Files\Window</Filter>
    </ClCompile>
    <ClCompile Include="Source\Exceptions\Exception.cpp">
      <Filter>Source Files\Exception</Filter>
    </ClCompile>
    <ClCompile Include="Source\Rendering\DefaultRenderer.cpp">
      <Filter>Source Files\Rendering</Filter>
    </ClCompile>
    <ClCompile Include="Source\Rendering\DirectX11\Device.cpp">
      <Filter>Source Files</Filter>
    </ClCompile>
    <ClCompile Include="Source\Rendering\DirectX11\SwapChain.cpp">
      <Filter>Source Files</Filter>
    </ClCompile>
    <ClCompile Include="Source\Services\ServiceRepository.cpp">
      <Filter>Source Files</Filter>
    </ClCompile>
    <ClCompile Include="Source\Services\Service.cpp">
      <Filter>Source Files</Filter>
    </ClCompile>
    <ClCompile Include="Source\Services\TestService.cpp">
      <Filter>Source Files</Filter>
    </ClCompile>
    <ClCompile Include="Source\Services\EventDispatcher.cpp">
      <Filter>Source Files</Filter>
    </ClCompile>
    <ClCompile Include="Source\EventSystem\EventRegistry.cpp">
      <Filter>Source Files</Filter>
    </ClCompile>
  </ItemGroup>
</Project>